// !$*UTF8*$!
{
	archiveVersion = 1;
	classes = {
	};
	objectVersion = 46;
	objects = {

/* Begin PBXBuildFile section */
		7B109B3B1684EA8C008D78E0 /* MHPopoverManager.m in Sources */ = {isa = PBXBuildFile; fileRef = 7B109B3A1684EA8C008D78E0 /* MHPopoverManager.m */; };
		7B73EA4B145C524F00CF489E /* UIKit.framework in Frameworks */ = {isa = PBXBuildFile; fileRef = 7B73EA4A145C524F00CF489E /* UIKit.framework */; };
		7B73EA4D145C524F00CF489E /* Foundation.framework in Frameworks */ = {isa = PBXBuildFile; fileRef = 7B73EA4C145C524F00CF489E /* Foundation.framework */; };
		7B73EA4F145C524F00CF489E /* CoreGraphics.framework in Frameworks */ = {isa = PBXBuildFile; fileRef = 7B73EA4E145C524F00CF489E /* CoreGraphics.framework */; };
		7B73EA55145C524F00CF489E /* InfoPlist.strings in Resources */ = {isa = PBXBuildFile; fileRef = 7B73EA53145C524F00CF489E /* InfoPlist.strings */; };
		7B73EA57145C524F00CF489E /* main.m in Sources */ = {isa = PBXBuildFile; fileRef = 7B73EA56145C524F00CF489E /* main.m */; };
		7B73EA5B145C524F00CF489E /* AppDelegate.m in Sources */ = {isa = PBXBuildFile; fileRef = 7B73EA5A145C524F00CF489E /* AppDelegate.m */; };
		7B73EA5E145C524F00CF489E /* MainViewController.m in Sources */ = {isa = PBXBuildFile; fileRef = 7B73EA5D145C524F00CF489E /* MainViewController.m */; };
		7B73EA61145C524F00CF489E /* MainViewController.xib in Resources */ = {isa = PBXBuildFile; fileRef = 7B73EA5F145C524F00CF489E /* MainViewController.xib */; };
		7B73EA6D145C549600CF489E /* MenuViewController.m in Sources */ = {isa = PBXBuildFile; fileRef = 7B73EA6B145C549600CF489E /* MenuViewController.m */; };
		7B73EA6E145C549600CF489E /* MenuViewController.xib in Resources */ = {isa = PBXBuildFile; fileRef = 7B73EA6C145C549600CF489E /* MenuViewController.xib */; };
/* End PBXBuildFile section */

/* Begin PBXFileReference section */
		7B109B391684EA8C008D78E0 /* MHPopoverManager.h */ = {isa = PBXFileReference; fileEncoding = 4; lastKnownFileType = sourcecode.c.h; path = MHPopoverManager.h; sourceTree = "<group>"; };
		7B109B3A1684EA8C008D78E0 /* MHPopoverManager.m */ = {isa = PBXFileReference; fileEncoding = 4; lastKnownFileType = sourcecode.c.objc; path = MHPopoverManager.m; sourceTree = "<group>"; };
		7B73EA46145C524F00CF489E /* Demo.app */ = {isa = PBXFileReference; explicitFileType = wrapper.application; includeInIndex = 0; path = Demo.app; sourceTree = BUILT_PRODUCTS_DIR; };
		7B73EA4A145C524F00CF489E /* UIKit.framework */ = {isa = PBXFileReference; lastKnownFileType = wrapper.framework; name = UIKit.framework; path = System/Library/Frameworks/UIKit.framework; sourceTree = SDKROOT; };
		7B73EA4C145C524F00CF489E /* Foundation.framework */ = {isa = PBXFileReference; lastKnownFileType = wrapper.framework; name = Foundation.framework; path = System/Library/Frameworks/Foundation.framework; sourceTree = SDKROOT; };
		7B73EA4E145C524F00CF489E /* CoreGraphics.framework */ = {isa = PBXFileReference; lastKnownFileType = wrapper.framework; name = CoreGraphics.framework; path = System/Library/Frameworks/CoreGraphics.framework; sourceTree = SDKROOT; };
		7B73EA52145C524F00CF489E /* Demo-Info.plist */ = {isa = PBXFileReference; lastKnownFileType = text.plist.xml; path = "Demo-Info.plist"; sourceTree = "<group>"; };
		7B73EA54145C524F00CF489E /* en */ = {isa = PBXFileReference; lastKnownFileType = text.plist.strings; name = en; path = en.lproj/InfoPlist.strings; sourceTree = "<group>"; };
		7B73EA56145C524F00CF489E /* main.m */ = {isa = PBXFileReference; lastKnownFileType = sourcecode.c.objc; path = main.m; sourceTree = "<group>"; };
		7B73EA58145C524F00CF489E /* Demo-Prefix.pch */ = {isa = PBXFileReference; lastKnownFileType = sourcecode.c.h; path = "Demo-Prefix.pch"; sourceTree = "<group>"; };
		7B73EA59145C524F00CF489E /* AppDelegate.h */ = {isa = PBXFileReference; lastKnownFileType = sourcecode.c.h; path = AppDelegate.h; sourceTree = "<group>"; };
		7B73EA5A145C524F00CF489E /* AppDelegate.m */ = {isa = PBXFileReference; lastKnownFileType = sourcecode.c.objc; path = AppDelegate.m; sourceTree = "<group>"; };
		7B73EA5C145C524F00CF489E /* MainViewController.h */ = {isa = PBXFileReference; lastKnownFileType = sourcecode.c.h; path = MainViewController.h; sourceTree = "<group>"; };
		7B73EA5D145C524F00CF489E /* MainViewController.m */ = {isa = PBXFileReference; lastKnownFileType = sourcecode.c.objc; path = MainViewController.m; sourceTree = "<group>"; };
		7B73EA60145C524F00CF489E /* en */ = {isa = PBXFileReference; lastKnownFileType = file.xib; name = en; path = en.lproj/MainViewController.xib; sourceTree = "<group>"; };
		7B73EA6A145C549600CF489E /* MenuViewController.h */ = {isa = PBXFileReference; fileEncoding = 4; lastKnownFileType = sourcecode.c.h; path = MenuViewController.h; sourceTree = "<group>"; };
		7B73EA6B145C549600CF489E /* MenuViewController.m */ = {isa = PBXFileReference; fileEncoding = 4; lastKnownFileType = sourcecode.c.objc; path = MenuViewController.m; sourceTree = "<group>"; };
		7B73EA6C145C549600CF489E /* MenuViewController.xib */ = {isa = PBXFileReference; fileEncoding = 4; lastKnownFileType = file.xib; path = MenuViewController.xib; sourceTree = "<group>"; };
/* End PBXFileReference section */

/* Begin PBXFrameworksBuildPhase section */
		7B73EA43145C524F00CF489E /* Frameworks */ = {
			isa = PBXFrameworksBuildPhase;
			buildActionMask = 2147483647;
			files = (
				7B73EA4B145C524F00CF489E /* UIKit.framework in Frameworks */,
				7B73EA4D145C524F00CF489E /* Foundation.framework in Frameworks */,
				7B73EA4F145C524F00CF489E /* CoreGraphics.framework in Frameworks */,
			);
			runOnlyForDeploymentPostprocessing = 0;
		};
/* End PBXFrameworksBuildPhase section */

/* Begin PBXGroup section */
		7B109B381684EA8C008D78E0 /* MHPopoverManager */ = {
			isa = PBXGroup;
			children = (
				7B109B391684EA8C008D78E0 /* MHPopoverManager.h */,
				7B109B3A1684EA8C008D78E0 /* MHPopoverManager.m */,
			);
			path = MHPopoverManager;
			sourceTree = "<group>";
		};
		7B73EA3B145C524F00CF489E = {
			isa = PBXGroup;
			children = (
				7B109B381684EA8C008D78E0 /* MHPopoverManager */,
				7B73EA50145C524F00CF489E /* Demo */,
				7B73EA49145C524F00CF489E /* Frameworks */,
				7B73EA47145C524F00CF489E /* Products */,
			);
			sourceTree = "<group>";
		};
		7B73EA47145C524F00CF489E /* Products */ = {
			isa = PBXGroup;
			children = (
				7B73EA46145C524F00CF489E /* Demo.app */,
			);
			name = Products;
			sourceTree = "<group>";
		};
		7B73EA49145C524F00CF489E /* Frameworks */ = {
			isa = PBXGroup;
			children = (
				7B73EA4A145C524F00CF489E /* UIKit.framework */,
				7B73EA4C145C524F00CF489E /* Foundation.framework */,
				7B73EA4E145C524F00CF489E /* CoreGraphics.framework */,
			);
			name = Frameworks;
			sourceTree = "<group>";
		};
		7B73EA50145C524F00CF489E /* Demo */ = {
			isa = PBXGroup;
			children = (
				7B73EA59145C524F00CF489E /* AppDelegate.h */,
				7B73EA5A145C524F00CF489E /* AppDelegate.m */,
				7B73EA5C145C524F00CF489E /* MainViewController.h */,
				7B73EA5D145C524F00CF489E /* MainViewController.m */,
				7B73EA5F145C524F00CF489E /* MainViewController.xib */,
				7B73EA6A145C549600CF489E /* MenuViewController.h */,
				7B73EA6B145C549600CF489E /* MenuViewController.m */,
				7B73EA6C145C549600CF489E /* MenuViewController.xib */,
				7B73EA51145C524F00CF489E /* Supporting Files */,
			);
			path = Demo;
			sourceTree = "<group>";
		};
		7B73EA51145C524F00CF489E /* Supporting Files */ = {
			isa = PBXGroup;
			children = (
				7B73EA52145C524F00CF489E /* Demo-Info.plist */,
				7B73EA58145C524F00CF489E /* Demo-Prefix.pch */,
				7B73EA53145C524F00CF489E /* InfoPlist.strings */,
				7B73EA56145C524F00CF489E /* main.m */,
			);
			name = "Supporting Files";
			sourceTree = "<group>";
		};
/* End PBXGroup section */

/* Begin PBXNativeTarget section */
		7B73EA45145C524F00CF489E /* Demo */ = {
			isa = PBXNativeTarget;
			buildConfigurationList = 7B73EA64145C524F00CF489E /* Build configuration list for PBXNativeTarget "Demo" */;
			buildPhases = (
				7B73EA42145C524F00CF489E /* Sources */,
				7B73EA43145C524F00CF489E /* Frameworks */,
				7B73EA44145C524F00CF489E /* Resources */,
			);
			buildRules = (
			);
			dependencies = (
			);
			name = Demo;
			productName = Demo;
			productReference = 7B73EA46145C524F00CF489E /* Demo.app */;
			productType = "com.apple.product-type.application";
		};
/* End PBXNativeTarget section */

/* Begin PBXProject section */
		7B73EA3D145C524F00CF489E /* Project object */ = {
			isa = PBXProject;
			attributes = {
				LastUpgradeCheck = 0420;
				ORGANIZATIONNAME = Hollance;
			};
			buildConfigurationList = 7B73EA40145C524F00CF489E /* Build configuration list for PBXProject "Demo" */;
			compatibilityVersion = "Xcode 3.2";
			developmentRegion = English;
			hasScannedForEncodings = 0;
			knownRegions = (
				en,
			);
			mainGroup = 7B73EA3B145C524F00CF489E;
			productRefGroup = 7B73EA47145C524F00CF489E /* Products */;
			projectDirPath = "";
			projectRoot = "";
			targets = (
				7B73EA45145C524F00CF489E /* Demo */,
			);
		};
/* End PBXProject section */

/* Begin PBXResourcesBuildPhase section */
		7B73EA44145C524F00CF489E /* Resources */ = {
			isa = PBXResourcesBuildPhase;
			buildActionMask = 2147483647;
			files = (
				7B73EA55145C524F00CF489E /* InfoPlist.strings in Resources */,
				7B73EA61145C524F00CF489E /* MainViewController.xib in Resources */,
				7B73EA6E145C549600CF489E /* MenuViewController.xib in Resources */,
			);
			runOnlyForDeploymentPostprocessing = 0;
		};
/* End PBXResourcesBuildPhase section */

/* Begin PBXSourcesBuildPhase section */
		7B73EA42145C524F00CF489E /* Sources */ = {
			isa = PBXSourcesBuildPhase;
			buildActionMask = 2147483647;
			files = (
				7B73EA57145C524F00CF489E /* main.m in Sources */,
				7B73EA5B145C524F00CF489E /* AppDelegate.m in Sources */,
				7B73EA5E145C524F00CF489E /* MainViewController.m in Sources */,
				7B73EA6D145C549600CF489E /* MenuViewController.m in Sources */,
				7B109B3B1684EA8C008D78E0 /* MHPopoverManager.m in Sources */,
			);
			runOnlyForDeploymentPostprocessing = 0;
		};
/* End PBXSourcesBuildPhase section */

/* Begin PBXVariantGroup section */
		7B73EA53145C524F00CF489E /* InfoPlist.strings */ = {
			isa = PBXVariantGroup;
			children = (
				7B73EA54145C524F00CF489E /* en */,
			);
			name = InfoPlist.strings;
			sourceTree = "<group>";
		};
		7B73EA5F145C524F00CF489E /* MainViewController.xib */ = {
			isa = PBXVariantGroup;
			children = (
				7B73EA60145C524F00CF489E /* en */,
			);
			name = MainViewController.xib;
			sourceTree = "<group>";
		};
/* End PBXVariantGroup section */

/* Begin XCBuildConfiguration section */
		7B73EA62145C524F00CF489E /* Debug */ = {
			isa = XCBuildConfiguration;
			buildSettings = {
				ALWAYS_SEARCH_USER_PATHS = NO;
				ARCHS = "$(ARCHS_STANDARD_32_BIT)";
				"CODE_SIGN_IDENTITY[sdk=iphoneos*]" = "iPhone Developer";
				COPY_PHASE_STRIP = NO;
				GCC_C_LANGUAGE_STANDARD = gnu99;
				GCC_DYNAMIC_NO_PIC = NO;
				GCC_OPTIMIZATION_LEVEL = 0;
				GCC_PREPROCESSOR_DEFINITIONS = (
					"DEBUG=1",
					"$(inherited)",
				);
				GCC_SYMBOLS_PRIVATE_EXTERN = NO;
				GCC_VERSION = com.apple.compilers.llvm.clang.1_0;
				GCC_WARN_ABOUT_MISSING_PROTOTYPES = YES;
				GCC_WARN_ABOUT_RETURN_TYPE = YES;
				GCC_WARN_UNUSED_VARIABLE = YES;
				IPHONEOS_DEPLOYMENT_TARGET = 5.0;
				SDKROOT = iphoneos;
				TARGETED_DEVICE_FAMILY = 2;
			};
			name = Debug;
		};
		7B73EA63145C524F00CF489E /* Release */ = {
			isa = XCBuildConfiguration;
			buildSettings = {
				ALWAYS_SEARCH_USER_PATHS = NO;
				ARCHS = "$(ARCHS_STANDARD_32_BIT)";
				"CODE_SIGN_IDENTITY[sdk=iphoneos*]" = "iPhone Developer";
				COPY_PHASE_STRIP = YES;
				GCC_C_LANGUAGE_STANDARD = gnu99;
				GCC_VERSION = com.apple.compilers.llvm.clang.1_0;
				GCC_WARN_ABOUT_MISSING_PROTOTYPES = YES;
				GCC_WARN_ABOUT_RETURN_TYPE = YES;
				GCC_WARN_UNUSED_VARIABLE = YES;
				IPHONEOS_DEPLOYMENT_TARGET = 5.0;
				OTHER_CFLAGS = "-DNS_BLOCK_ASSERTIONS=1";
				SDKROOT = iphoneos;
				TARGETED_DEVICE_FAMILY = 2;
				VALIDATE_PRODUCT = YES;
			};
			name = Release;
		};
		7B73EA65145C524F00CF489E /* Debug */ = {
			isa = XCBuildConfiguration;
			buildSettings = {
				CLANG_ENABLE_OBJC_ARC = YES;
				GCC_PRECOMPILE_PREFIX_HEADER = YES;
				GCC_PREFIX_HEADER = "Demo/Demo-Prefix.pch";
				INFOPLIST_FILE = "Demo/Demo-Info.plist";
				PRODUCT_NAME = "$(TARGET_NAME)";
				RUN_CLANG_STATIC_ANALYZER = YES;
				WARNING_CFLAGS = (
					"-Wall",
					"-Wextra",
					"-Wno-unused-parameter",
				);
				WRAPPER_EXTENSION = app;
			};
			name = Debug;
		};
		7B73EA66145C524F00CF489E /* Release */ = {
			isa = XCBuildConfiguration;
			buildSettings = {
				CLANG_ENABLE_OBJC_ARC = YES;
				GCC_PRECOMPILE_PREFIX_HEADER = YES;
				GCC_PREFIX_HEADER = "Demo/Demo-Prefix.pch";
				INFOPLIST_FILE = "Demo/Demo-Info.plist";
				PRODUCT_NAME = "$(TARGET_NAME)";
				RUN_CLANG_STATIC_ANALYZER = YES;
				WARNING_CFLAGS = (
					"-Wall",
					"-Wextra",
					"-Wno-unused-parameter",
				);
				WRAPPER_EXTENSION = app;
			};
			name = Release;
		};
/* End XCBuildConfiguration section */

/* Begin XCConfigurationList section */
		7B73EA40145C524F00CF489E /* Build configuration list for PBXProject "Demo" */ = {
			isa = XCConfigurationList;
			buildConfigurations = (
				7B73EA62145C524F00CF489E /* Debug */,
				7B73EA63145C524F00CF489E /* Release */,
			);
			defaultConfigurationIsVisible = 0;
			defaultConfigurationName = Release;
		};
		7B73EA64145C524F00CF489E /* Build configuration list for PBXNativeTarget "Demo" */ = {
			isa = XCConfigurationList;
			buildConfigurations = (
				7B73EA65145C524F00CF489E /* Debug */,
				7B73EA66145C524F00CF489E /* Release */,
			);
			defaultConfigurationIsVisible = 0;
			defaultConfigurationName = Release;
		};
/* End XCConfigurationList section */
	};
	rootObject = 7B73EA3D145C524F00CF489E /* Project object */;
}
